
Microsoft Visual Studio Solution File, Format Version 12.00
# Visual Studio 15
VisualStudioVersion = 15.0.27703.2047
MinimumVisualStudioVersion = 10.0.40219.1
Project("{FAE04EC0-301F-11D3-BF4B-00C04F79EFBC}") = "IdentityCoreJWT", "IdentityCoreJWT\IdentityCoreJWT.csproj", "{6457E3FF-EC49-4136-8225-0DB734A9E6AA}"
EndProject
Global
	GlobalSection(SolutionConfigurationPlatforms) = preSolution
		Debug|Any CPU = Debug|Any CPU
		Release|Any CPU = Release|Any CPU
	EndGlobalSection
	GlobalSection(ProjectConfigurationPlatforms) = postSolution
		{6457E3FF-EC49-4136-8225-0DB734A9E6AA}.Debug|Any CPU.ActiveCfg = Debug|Any CPU
		{6457E3FF-EC49-4136-8225-0DB734A9E6AA}.Debug|Any CPU.Build.0 = Debug|Any CPU
		{6457E3FF-EC49-4136-8225-0DB734A9E6AA}.Release|Any CPU.ActiveCfg = Release|Any CPU
		{6457E3FF-EC49-4136-8225-0DB734A9E6AA}.Release|Any CPU.Build.0 = Release|Any CPU
	EndGlobalSection
	GlobalSection(SolutionProperties) = preSolution
		HideSolutionNode = FALSE
	EndGlobalSection
	GlobalSection(ExtensibilityGlobals) = postSolution
		SolutionGuid = {8F01E66B-673A-4882-A0E7-D69007B782F5}
	EndGlobalSection
EndGlobal
